// !$*UTF8*$!
{
	archiveVersion = 1;
	classes = {
	};
	objectVersion = 55;
	objects = {

/* Begin PBXBuildFile section */
		D53CCF7B2764F6E6005713EC /* Africa_ZooApp.swift in Sources */ = {isa = PBXBuildFile; fileRef = D53CCF7A2764F6E6005713EC /* Africa_ZooApp.swift */; };
		D53CCF7D2764F6E6005713EC /* ContentView.swift in Sources */ = {isa = PBXBuildFile; fileRef = D53CCF7C2764F6E6005713EC /* ContentView.swift */; };
		D53CCF7F2764F6E8005713EC /* Assets.xcassets in Resources */ = {isa = PBXBuildFile; fileRef = D53CCF7E2764F6E8005713EC /* Assets.xcassets */; };
		D53CCF822764F6E8005713EC /* Preview Assets.xcassets in Resources */ = {isa = PBXBuildFile; fileRef = D53CCF812764F6E8005713EC /* Preview Assets.xcassets */; };
		D53CCF8D276509CD005713EC /* cheetah.mp4 in Resources */ = {isa = PBXBuildFile; fileRef = D53CCF8C276509CD005713EC /* cheetah.mp4 */; };
		D53CCF9827650A23005713EC /* hippo.mp4 in Resources */ = {isa = PBXBuildFile; fileRef = D53CCF8E27650A1D005713EC /* hippo.mp4 */; };
		D53CCF9927650A23005713EC /* lion.mp4 in Resources */ = {isa = PBXBuildFile; fileRef = D53CCF8F27650A1E005713EC /* lion.mp4 */; };
		D53CCF9B27650A23005713EC /* elephant.mp4 in Resources */ = {isa = PBXBuildFile; fileRef = D53CCF9127650A1E005713EC /* elephant.mp4 */; };
		D53CCF9C27650A23005713EC /* gorilla.mp4 in Resources */ = {isa = PBXBuildFile; fileRef = D53CCF9227650A1F005713EC /* gorilla.mp4 */; };
		D53CCF9D27650A23005713EC /* ostrich.mp4 in Resources */ = {isa = PBXBuildFile; fileRef = D53CCF9327650A20005713EC /* ostrich.mp4 */; };
		D53CCF9E27650A23005713EC /* rhino.mp4 in Resources */ = {isa = PBXBuildFile; fileRef = D53CCF9427650A21005713EC /* rhino.mp4 */; };
		D53CCF9F27650A23005713EC /* zebra.mp4 in Resources */ = {isa = PBXBuildFile; fileRef = D53CCF9527650A22005713EC /* zebra.mp4 */; };
		D53CCFA027650A23005713EC /* giraffe.mp4 in Resources */ = {isa = PBXBuildFile; fileRef = D53CCF9627650A22005713EC /* giraffe.mp4 */; };
		D53CCFA127650A23005713EC /* lioness.mp4 in Resources */ = {isa = PBXBuildFile; fileRef = D53CCF9727650A23005713EC /* lioness.mp4 */; };
		D53CCFA727650A6B005713EC /* locations.json in Resources */ = {isa = PBXBuildFile; fileRef = D53CCFA327650A6A005713EC /* locations.json */; };
		D53CCFA827650A6B005713EC /* videos.json in Resources */ = {isa = PBXBuildFile; fileRef = D53CCFA427650A6A005713EC /* videos.json */; };
		D53CCFA927650A6B005713EC /* animals.json in Resources */ = {isa = PBXBuildFile; fileRef = D53CCFA527650A6B005713EC /* animals.json */; };
		D53CCFAA27650A6B005713EC /* covers.json in Resources */ = {isa = PBXBuildFile; fileRef = D53CCFA627650A6B005713EC /* covers.json */; };
/* End PBXBuildFile section */

/* Begin PBXFileReference section */
		D53CCF772764F6E6005713EC /* Africa Zoo.app */ = {isa = PBXFileReference; explicitFileType = wrapper.application; includeInIndex = 0; path = "Africa Zoo.app"; sourceTree = BUILT_PRODUCTS_DIR; };
		D53CCF7A2764F6E6005713EC /* Africa_ZooApp.swift */ = {isa = PBXFileReference; lastKnownFileType = sourcecode.swift; path = Africa_ZooApp.swift; sourceTree = "<group>"; };
		D53CCF7C2764F6E6005713EC /* ContentView.swift */ = {isa = PBXFileReference; lastKnownFileType = sourcecode.swift; path = ContentView.swift; sourceTree = "<group>"; };
		D53CCF7E2764F6E8005713EC /* Assets.xcassets */ = {isa = PBXFileReference; lastKnownFileType = folder.assetcatalog; path = Assets.xcassets; sourceTree = "<group>"; };
		D53CCF812764F6E8005713EC /* Preview Assets.xcassets */ = {isa = PBXFileReference; lastKnownFileType = folder.assetcatalog; path = "Preview Assets.xcassets"; sourceTree = "<group>"; };
		D53CCF8C276509CD005713EC /* cheetah.mp4 */ = {isa = PBXFileReference; lastKnownFileType = file; path = cheetah.mp4; sourceTree = "<group>"; };
		D53CCF8E27650A1D005713EC /* hippo.mp4 */ = {isa = PBXFileReference; lastKnownFileType = file; path = hippo.mp4; sourceTree = "<group>"; };
		D53CCF8F27650A1E005713EC /* lion.mp4 */ = {isa = PBXFileReference; lastKnownFileType = file; path = lion.mp4; sourceTree = "<group>"; };
		D53CCF9127650A1E005713EC /* elephant.mp4 */ = {isa = PBXFileReference; lastKnownFileType = file; path = elephant.mp4; sourceTree = "<group>"; };
		D53CCF9227650A1F005713EC /* gorilla.mp4 */ = {isa = PBXFileReference; lastKnownFileType = file; path = gorilla.mp4; sourceTree = "<group>"; };
		D53CCF9327650A20005713EC /* ostrich.mp4 */ = {isa = PBXFileReference; lastKnownFileType = file; path = ostrich.mp4; sourceTree = "<group>"; };
		D53CCF9427650A21005713EC /* rhino.mp4 */ = {isa = PBXFileReference; lastKnownFileType = file; path = rhino.mp4; sourceTree = "<group>"; };
		D53CCF9527650A22005713EC /* zebra.mp4 */ = {isa = PBXFileReference; lastKnownFileType = file; path = zebra.mp4; sourceTree = "<group>"; };
		D53CCF9627650A22005713EC /* giraffe.mp4 */ = {isa = PBXFileReference; lastKnownFileType = file; path = giraffe.mp4; sourceTree = "<group>"; };
		D53CCF9727650A23005713EC /* lioness.mp4 */ = {isa = PBXFileReference; lastKnownFileType = file; path = lioness.mp4; sourceTree = "<group>"; };
		D53CCFA327650A6A005713EC /* locations.json */ = {isa = PBXFileReference; fileEncoding = 4; lastKnownFileType = text.json; path = locations.json; sourceTree = "<group>"; };
		D53CCFA427650A6A005713EC /* videos.json */ = {isa = PBXFileReference; fileEncoding = 4; lastKnownFileType = text.json; path = videos.json; sourceTree = "<group>"; };
		D53CCFA527650A6B005713EC /* animals.json */ = {isa = PBXFileReference; fileEncoding = 4; lastKnownFileType = text.json; path = animals.json; sourceTree = "<group>"; };
		D53CCFA627650A6B005713EC /* covers.json */ = {isa = PBXFileReference; fileEncoding = 4; lastKnownFileType = text.json; path = covers.json; sourceTree = "<group>"; };
		D53CCFAB276513C6005713EC /* Africa-Zoo-Info.plist */ = {isa = PBXFileReference; lastKnownFileType = text.plist; path = "Africa-Zoo-Info.plist"; sourceTree = SOURCE_ROOT; };
/* End PBXFileReference section */

/* Begin PBXFrameworksBuildPhase section */
		D53CCF742764F6E6005713EC /* Frameworks */ = {
			isa = PBXFrameworksBuildPhase;
			buildActionMask = 2147483647;
			files = (
			);
			runOnlyForDeploymentPostprocessing = 0;
		};
/* End PBXFrameworksBuildPhase section */

/* Begin PBXGroup section */
		D53CCF6E2764F6E6005713EC = {
			isa = PBXGroup;
			children = (
				D53CCF792764F6E6005713EC /* Africa Zoo */,
				D53CCF782764F6E6005713EC /* Products */,
			);
			sourceTree = "<group>";
		};
		D53CCF782764F6E6005713EC /* Products */ = {
			isa = PBXGroup;
			children = (
				D53CCF772764F6E6005713EC /* Africa Zoo.app */,
			);
			name = Products;
			sourceTree = "<group>";
		};
		D53CCF792764F6E6005713EC /* Africa Zoo */ = {
			isa = PBXGroup;
			children = (
				D53CCFAB276513C6005713EC /* Africa-Zoo-Info.plist */,
				D53CCFA227650A3D005713EC /* data */,
				D53CCF8B27650761005713EC /* video */,
				D53CCF7A2764F6E6005713EC /* Africa_ZooApp.swift */,
				D53CCF7C2764F6E6005713EC /* ContentView.swift */,
				D53CCF7E2764F6E8005713EC /* Assets.xcassets */,
				D53CCF802764F6E8005713EC /* Preview Content */,
			);
			path = "Africa Zoo";
			sourceTree = "<group>";
		};
		D53CCF802764F6E8005713EC /* Preview Content */ = {
			isa = PBXGroup;
			children = (
				D53CCF812764F6E8005713EC /* Preview Assets.xcassets */,
			);
			path = "Preview Content";
			sourceTree = "<group>";
		};
		D53CCF8B27650761005713EC /* video */ = {
			isa = PBXGroup;
			children = (
				D53CCF9127650A1E005713EC /* elephant.mp4 */,
				D53CCF9627650A22005713EC /* giraffe.mp4 */,
				D53CCF9227650A1F005713EC /* gorilla.mp4 */,
				D53CCF8E27650A1D005713EC /* hippo.mp4 */,
				D53CCF8F27650A1E005713EC /* lion.mp4 */,
				D53CCF9727650A23005713EC /* lioness.mp4 */,
				D53CCF9327650A20005713EC /* ostrich.mp4 */,
				D53CCF9427650A21005713EC /* rhino.mp4 */,
				D53CCF9527650A22005713EC /* zebra.mp4 */,
				D53CCF8C276509CD005713EC /* cheetah.mp4 */,
			);
			path = video;
			sourceTree = "<group>";
		};
		D53CCFA227650A3D005713EC /* data */ = {
			isa = PBXGroup;
			children = (
				D53CCFA527650A6B005713EC /* animals.json */,
				D53CCFA627650A6B005713EC /* covers.json */,
				D53CCFA327650A6A005713EC /* locations.json */,
				D53CCFA427650A6A005713EC /* videos.json */,
			);
			path = data;
			sourceTree = "<group>";
		};
/* End PBXGroup section */

/* Begin PBXNativeTarget section */
		D53CCF762764F6E6005713EC /* Africa Zoo */ = {
			isa = PBXNativeTarget;
			buildConfigurationList = D53CCF852764F6E8005713EC /* Build configuration list for PBXNativeTarget "Africa Zoo" */;
			buildPhases = (
				D53CCF732764F6E6005713EC /* Sources */,
				D53CCF742764F6E6005713EC /* Frameworks */,
				D53CCF752764F6E6005713EC /* Resources */,
			);
			buildRules = (
			);
			dependencies = (
			);
			name = "Africa Zoo";
			productName = "Africa Zoo";
			productReference = D53CCF772764F6E6005713EC /* Africa Zoo.app */;
			productType = "com.apple.product-type.application";
		};
/* End PBXNativeTarget section */

/* Begin PBXProject section */
		D53CCF6F2764F6E6005713EC /* Project object */ = {
			isa = PBXProject;
			attributes = {
				BuildIndependentTargetsInParallel = 1;
				LastSwiftUpdateCheck = 1310;
				LastUpgradeCheck = 1310;
				TargetAttributes = {
					D53CCF762764F6E6005713EC = {
						CreatedOnToolsVersion = 13.1;
					};
				};
			};
			buildConfigurationList = D53CCF722764F6E6005713EC /* Build configuration list for PBXProject "Africa Zoo" */;
			compatibilityVersion = "Xcode 13.0";
			developmentRegion = en;
			hasScannedForEncodings = 0;
			knownRegions = (
				en,
				Base,
			);
			mainGroup = D53CCF6E2764F6E6005713EC;
			productRefGroup = D53CCF782764F6E6005713EC /* Products */;
			projectDirPath = "";
			projectRoot = "";
			targets = (
				D53CCF762764F6E6005713EC /* Africa Zoo */,
			);
		};
/* End PBXProject section */

/* Begin PBXResourcesBuildPhase section */
		D53CCF752764F6E6005713EC /* Resources */ = {
			isa = PBXResourcesBuildPhase;
			buildActionMask = 2147483647;
			files = (
				D53CCFA927650A6B005713EC /* animals.json in Resources */,
				D53CCFA727650A6B005713EC /* locations.json in Resources */,
				D53CCF9827650A23005713EC /* hippo.mp4 in Resources */,
				D53CCF822764F6E8005713EC /* Preview Assets.xcassets in Resources */,
				D53CCFA827650A6B005713EC /* videos.json in Resources */,
				D53CCFAA27650A6B005713EC /* covers.json in Resources */,
				D53CCFA027650A23005713EC /* giraffe.mp4 in Resources */,
				D53CCFA127650A23005713EC /* lioness.mp4 in Resources */,
				D53CCF9D27650A23005713EC /* ostrich.mp4 in Resources */,
				D53CCF7F2764F6E8005713EC /* Assets.xcassets in Resources */,
				D53CCF9C27650A23005713EC /* gorilla.mp4 in Resources */,
				D53CCF9F27650A23005713EC /* zebra.mp4 in Resources */,
				D53CCF9B27650A23005713EC /* elephant.mp4 in Resources */,
				D53CCF9927650A23005713EC /* lion.mp4 in Resources */,
				D53CCF9E27650A23005713EC /* rhino.mp4 in Resources */,
				D53CCF8D276509CD005713EC /* cheetah.mp4 in Resources */,
			);
			runOnlyForDeploymentPostprocessing = 0;
		};
/* End PBXResourcesBuildPhase section */

/* Begin PBXSourcesBuildPhase section */
		D53CCF732764F6E6005713EC /* Sources */ = {
			isa = PBXSourcesBuildPhase;
			buildActionMask = 2147483647;
			files = (
				D53CCF7D2764F6E6005713EC /* ContentView.swift in Sources */,
				D53CCF7B2764F6E6005713EC /* Africa_ZooApp.swift in Sources */,
			);
			runOnlyForDeploymentPostprocessing = 0;
		};
/* End PBXSourcesBuildPhase section */

/* Begin XCBuildConfiguration section */
		D53CCF832764F6E8005713EC /* Debug */ = {
			isa = XCBuildConfiguration;
			buildSettings = {
				ALWAYS_SEARCH_USER_PATHS = NO;
				CLANG_ANALYZER_NONNULL = YES;
				CLANG_ANALYZER_NUMBER_OBJECT_CONVERSION = YES_AGGRESSIVE;
				CLANG_CXX_LANGUAGE_STANDARD = "gnu++17";
				CLANG_CXX_LIBRARY = "libc++";
				CLANG_ENABLE_MODULES = YES;
				CLANG_ENABLE_OBJC_ARC = YES;
				CLANG_ENABLE_OBJC_WEAK = YES;
				CLANG_WARN_BLOCK_CAPTURE_AUTORELEASING = YES;
				CLANG_WARN_BOOL_CONVERSION = YES;
				CLANG_WARN_COMMA = YES;
				CLANG_WARN_CONSTANT_CONVERSION = YES;
				CLANG_WARN_DEPRECATED_OBJC_IMPLEMENTATIONS = YES;
				CLANG_WARN_DIRECT_OBJC_ISA_USAGE = YES_ERROR;
				CLANG_WARN_DOCUMENTATION_COMMENTS = YES;
				CLANG_WARN_EMPTY_BODY = YES;
				CLANG_WARN_ENUM_CONVERSION = YES;
				CLANG_WARN_INFINITE_RECURSION = YES;
				CLANG_WARN_INT_CONVERSION = YES;
				CLANG_WARN_NON_LITERAL_NULL_CONVERSION = YES;
				CLANG_WARN_OBJC_IMPLICIT_RETAIN_SELF = YES;
				CLANG_WARN_OBJC_LITERAL_CONVERSION = YES;
				CLANG_WARN_OBJC_ROOT_CLASS = YES_ERROR;
				CLANG_WARN_QUOTED_INCLUDE_IN_FRAMEWORK_HEADER = YES;
				CLANG_WARN_RANGE_LOOP_ANALYSIS = YES;
				CLANG_WARN_STRICT_PROTOTYPES = YES;
				CLANG_WARN_SUSPICIOUS_MOVE = YES;
				CLANG_WARN_UNGUARDED_AVAILABILITY = YES_AGGRESSIVE;
				CLANG_WARN_UNREACHABLE_CODE = YES;
				CLANG_WARN__DUPLICATE_METHOD_MATCH = YES;
				COPY_PHASE_STRIP = NO;
				DEBUG_INFORMATION_FORMAT = dwarf;
				ENABLE_STRICT_OBJC_MSGSEND = YES;
				ENABLE_TESTABILITY = YES;
				GCC_C_LANGUAGE_STANDARD = gnu11;
				GCC_DYNAMIC_NO_PIC = NO;
				GCC_NO_COMMON_BLOCKS = YES;
				GCC_OPTIMIZATION_LEVEL = 0;
				GCC_PREPROCESSOR_DEFINITIONS = (
					"DEBUG=1",
					"$(inherited)",
				);
				GCC_WARN_64_TO_32_BIT_CONVERSION = YES;
				GCC_WARN_ABOUT_RETURN_TYPE = YES_ERROR;
				GCC_WARN_UNDECLARED_SELECTOR = YES;
				GCC_WARN_UNINITIALIZED_AUTOS = YES_AGGRESSIVE;
				GCC_WARN_UNUSED_FUNCTION = YES;
				GCC_WARN_UNUSED_VARIABLE = YES;
				IPHONEOS_DEPLOYMENT_TARGET = 15.0;
				MTL_ENABLE_DEBUG_INFO = INCLUDE_SOURCE;
				MTL_FAST_MATH = YES;
				ONLY_ACTIVE_ARCH = YES;
				SDKROOT = iphoneos;
				SWIFT_ACTIVE_COMPILATION_CONDITIONS = DEBUG;
				SWIFT_OPTIMIZATION_LEVEL = "-Onone";
			};
			name = Debug;
		};
		D53CCF842764F6E8005713EC /* Release */ = {
			isa = XCBuildConfiguration;
			buildSettings = {
				ALWAYS_SEARCH_USER_PATHS = NO;
				CLANG_ANALYZER_NONNULL = YES;
				CLANG_ANALYZER_NUMBER_OBJECT_CONVERSION = YES_AGGRESSIVE;
				CLANG_CXX_LANGUAGE_STANDARD = "gnu++17";
				CLANG_CXX_LIBRARY = "libc++";
				CLANG_ENABLE_MODULES = YES;
				CLANG_ENABLE_OBJC_ARC = YES;
				CLANG_ENABLE_OBJC_WEAK = YES;
				CLANG_WARN_BLOCK_CAPTURE_AUTORELEASING = YES;
				CLANG_WARN_BOOL_CONVERSION = YES;
				CLANG_WARN_COMMA = YES;
				CLANG_WARN_CONSTANT_CONVERSION = YES;
				CLANG_WARN_DEPRECATED_OBJC_IMPLEMENTATIONS = YES;
				CLANG_WARN_DIRECT_OBJC_ISA_USAGE = YES_ERROR;
				CLANG_WARN_DOCUMENTATION_COMMENTS = YES;
				CLANG_WARN_EMPTY_BODY = YES;
				CLANG_WARN_ENUM_CONVERSION = YES;
				CLANG_WARN_INFINITE_RECURSION = YES;
				CLANG_WARN_INT_CONVERSION = YES;
				CLANG_WARN_NON_LITERAL_NULL_CONVERSION = YES;
				CLANG_WARN_OBJC_IMPLICIT_RETAIN_SELF = YES;
				CLANG_WARN_OBJC_LITERAL_CONVERSION = YES;
				CLANG_WARN_OBJC_ROOT_CLASS = YES_ERROR;
				CLANG_WARN_QUOTED_INCLUDE_IN_FRAMEWORK_HEADER = YES;
				CLANG_WARN_RANGE_LOOP_ANALYSIS = YES;
				CLANG_WARN_STRICT_PROTOTYPES = YES;
				CLANG_WARN_SUSPICIOUS_MOVE = YES;
				CLANG_WARN_UNGUARDED_AVAILABILITY = YES_AGGRESSIVE;
				CLANG_WARN_UNREACHABLE_CODE = YES;
				CLANG_WARN__DUPLICATE_METHOD_MATCH = YES;
				COPY_PHASE_STRIP = NO;
				DEBUG_INFORMATION_FORMAT = "dwarf-with-dsym";
				ENABLE_NS_ASSERTIONS = NO;
				ENABLE_STRICT_OBJC_MSGSEND = YES;
				GCC_C_LANGUAGE_STANDARD = gnu11;
				GCC_NO_COMMON_BLOCKS = YES;
				GCC_WARN_64_TO_32_BIT_CONVERSION = YES;
				GCC_WARN_ABOUT_RETURN_TYPE = YES_ERROR;
				GCC_WARN_UNDECLARED_SELECTOR = YES;
				GCC_WARN_UNINITIALIZED_AUTOS = YES_AGGRESSIVE;
				GCC_WARN_UNUSED_FUNCTION = YES;
				GCC_WARN_UNUSED_VARIABLE = YES;
				IPHONEOS_DEPLOYMENT_TARGET = 15.0;
				MTL_ENABLE_DEBUG_INFO = NO;
				MTL_FAST_MATH = YES;
				SDKROOT = iphoneos;
				SWIFT_COMPILATION_MODE = wholemodule;
				SWIFT_OPTIMIZATION_LEVEL = "-O";
				VALIDATE_PRODUCT = YES;
			};
			name = Release;
		};
		D53CCF862764F6E8005713EC /* Debug */ = {
			isa = XCBuildConfiguration;
			buildSettings = {
				ASSETCATALOG_COMPILER_APPICON_NAME = AppIcon;
				ASSETCATALOG_COMPILER_GLOBAL_ACCENT_COLOR_NAME = AccentColor;
				CODE_SIGN_STYLE = Automatic;
				CURRENT_PROJECT_VERSION = 1;
				DEVELOPMENT_ASSET_PATHS = "\"Africa Zoo/Preview Content\"";
				DEVELOPMENT_TEAM = 2PK549RRNR;
				ENABLE_PREVIEWS = YES;
				GENERATE_INFOPLIST_FILE = YES;
				INFOPLIST_FILE = "Africa-Zoo-Info.plist";
				INFOPLIST_KEY_UIApplicationSceneManifest_Generation = YES;
				INFOPLIST_KEY_UIApplicationSupportsIndirectInputEvents = YES;
				INFOPLIST_KEY_UILaunchScreen_Generation = YES;
				INFOPLIST_KEY_UISupportedInterfaceOrientations_iPad = "UIInterfaceOrientationPortrait UIInterfaceOrientationPortraitUpsideDown UIInterfaceOrientationLandscapeLeft UIInterfaceOrientationLandscapeRight";
				INFOPLIST_KEY_UISupportedInterfaceOrientations_iPhone = "UIInterfaceOrientationPortrait UIInterfaceOrientationLandscapeLeft UIInterfaceOrientationLandscapeRight";
				LD_RUNPATH_SEARCH_PATHS = (
					"$(inherited)",
					"@executable_path/Frameworks",
				);
				MARKETING_VERSION = 1.0;
				PRODUCT_BUNDLE_IDENTIFIER = "com.amalitech.Africa-Zoo";
				PRODUCT_NAME = "$(TARGET_NAME)";
				SWIFT_EMIT_LOC_STRINGS = YES;
				SWIFT_VERSION = 5.0;
				TARGETED_DEVICE_FAMILY = "1,2";
			};
			name = Debug;
		};
		D53CCF872764F6E8005713EC /* Release */ = {
			isa = XCBuildConfiguration;
			buildSettings = {
				ASSETCATALOG_COMPILER_APPICON_NAME = AppIcon;
				ASSETCATALOG_COMPILER_GLOBAL_ACCENT_COLOR_NAME = AccentColor;
				CODE_SIGN_STYLE = Automatic;
				CURRENT_PROJECT_VERSION = 1;
				DEVELOPMENT_ASSET_PATHS = "\"Africa Zoo/Preview Content\"";
				DEVELOPMENT_TEAM = 2PK549RRNR;
				ENABLE_PREVIEWS = YES;
				GENERATE_INFOPLIST_FILE = YES;
				INFOPLIST_FILE = "Africa-Zoo-Info.plist";
				INFOPLIST_KEY_UIApplicationSceneManifest_Generation = YES;
				INFOPLIST_KEY_UIApplicationSupportsIndirectInputEvents = YES;
				INFOPLIST_KEY_UILaunchScreen_Generation = YES;
				INFOPLIST_KEY_UISupportedInterfaceOrientations_iPad = "UIInterfaceOrientationPortrait UIInterfaceOrientationPortraitUpsideDown UIInterfaceOrientationLandscapeLeft UIInterfaceOrientationLandscapeRight";
				INFOPLIST_KEY_UISupportedInterfaceOrientations_iPhone = "UIInterfaceOrientationPortrait UIInterfaceOrientationLandscapeLeft UIInterfaceOrientationLandscapeRight";
				LD_RUNPATH_SEARCH_PATHS = (
					"$(inherited)",
					"@executable_path/Frameworks",
				);
				MARKETING_VERSION = 1.0;
				PRODUCT_BUNDLE_IDENTIFIER = "com.amalitech.Africa-Zoo";
				PRODUCT_NAME = "$(TARGET_NAME)";
				SWIFT_EMIT_LOC_STRINGS = YES;
				SWIFT_VERSION = 5.0;
				TARGETED_DEVICE_FAMILY = "1,2";
			};
			name = Release;
		};
/* End XCBuildConfiguration section */

/* Begin XCConfigurationList section */
		D53CCF722764F6E6005713EC /* Build configuration list for PBXProject "Africa Zoo" */ = {
			isa = XCConfigurationList;
			buildConfigurations = (
				D53CCF832764F6E8005713EC /* Debug */,
				D53CCF842764F6E8005713EC /* Release */,
			);
			defaultConfigurationIsVisible = 0;
			defaultConfigurationName = Release;
		};
		D53CCF852764F6E8005713EC /* Build configuration list for PBXNativeTarget "Africa Zoo" */ = {
			isa = XCConfigurationList;
			buildConfigurations = (
				D53CCF862764F6E8005713EC /* Debug */,
				D53CCF872764F6E8005713EC /* Release */,
			);
			defaultConfigurationIsVisible = 0;
			defaultConfigurationName = Release;
		};
/* End XCConfigurationList section */
	};
	rootObject = D53CCF6F2764F6E6005713EC /* Project object */;
}
